
Microsoft Visual Studio Solution File, Format Version 12.00
# Visual Studio Version 17
VisualStudioVersion = 17.7.34018.315
MinimumVisualStudioVersion = 10.0.40219.1
Project("{9A19103F-16F7-4668-BE54-9A1E7A4F7556}") = "FHTMessageService", "FHTMessageService\FHTMessageService.csproj", "{99F3C7C4-94C3-43D3-9ACE-73643107D4A9}"
EndProject
Project("{D954291E-2A0B-460D-934E-DC6B0785DB48}") = "FhtSharedLibrary", "..\FhtSharedLibrary\FhtSharedLibrary.shproj", "{3E61E906-9EC8-43BE-8679-66AF1B64EE61}"
EndProject
Global
	GlobalSection(SolutionConfigurationPlatforms) = preSolution
		Debug|Any CPU = Debug|Any CPU
		Release|Any CPU = Release|Any CPU
	EndGlobalSection
	GlobalSection(ProjectConfigurationPlatforms) = postSolution
		{99F3C7C4-94C3-43D3-9ACE-73643107D4A9}.Debug|Any CPU.ActiveCfg = Debug|Any CPU
		{99F3C7C4-94C3-43D3-9ACE-73643107D4A9}.Debug|Any CPU.Build.0 = Debug|Any CPU
		{99F3C7C4-94C3-43D3-9ACE-73643107D4A9}.Release|Any CPU.ActiveCfg = Release|Any CPU
		{99F3C7C4-94C3-43D3-9ACE-73643107D4A9}.Release|Any CPU.Build.0 = Release|Any CPU
	EndGlobalSection
	GlobalSection(SolutionProperties) = preSolution
		HideSolutionNode = FALSE
	EndGlobalSection
	GlobalSection(ExtensibilityGlobals) = postSolution
		SolutionGuid = {D772A926-E10C-4299-9FF0-A76EF6C06472}
	EndGlobalSection
	GlobalSection(SharedMSBuildProjectFiles) = preSolution
		..\FhtSharedLibrary\FhtSharedLibrary.projitems*{3e61e906-9ec8-43be-8679-66af1b64ee61}*SharedItemsImports = 13
		..\FhtSharedLibrary\FhtSharedLibrary.projitems*{99f3c7c4-94c3-43d3-9ace-73643107d4a9}*SharedItemsImports = 5
	EndGlobalSection
EndGlobal
